
Microsoft Visual Studio Solution File, Format Version 12.00
# Visual Studio Version 17
VisualStudioVersion = 17.5.33516.290
MinimumVisualStudioVersion = 10.0.40219.1
Project("{9A19103F-16F7-4668-BE54-9A1E7A4F7556}") = "InnoEvents", "InnoEvents\InnoEvents.csproj", "{AD030263-5108-4697-84CF-64600C0678F8}"
EndProject
Project("{9A19103F-16F7-4668-BE54-9A1E7A4F7556}") = "InnoEvents.Tests", "InnoEvents.Tests\InnoEvents.Tests.csproj", "{61647145-FBA4-46DA-AF89-7F42DF56EC48}"
EndProject
Global
	GlobalSection(SolutionConfigurationPlatforms) = preSolution
		Debug|Any CPU = Debug|Any CPU
		Release|Any CPU = Release|Any CPU
	EndGlobalSection
	GlobalSection(ProjectConfigurationPlatforms) = postSolution
		{AD030263-5108-4697-84CF-64600C0678F8}.Debug|Any CPU.ActiveCfg = Debug|Any CPU
		{AD030263-5108-4697-84CF-64600C0678F8}.Debug|Any CPU.Build.0 = Debug|Any CPU
		{AD030263-5108-4697-84CF-64600C0678F8}.Release|Any CPU.ActiveCfg = Release|Any CPU
		{AD030263-5108-4697-84CF-64600C0678F8}.Release|Any CPU.Build.0 = Release|Any CPU
		{61647145-FBA4-46DA-AF89-7F42DF56EC48}.Debug|Any CPU.ActiveCfg = Debug|Any CPU
		{61647145-FBA4-46DA-AF89-7F42DF56EC48}.Debug|Any CPU.Build.0 = Debug|Any CPU
		{61647145-FBA4-46DA-AF89-7F42DF56EC48}.Release|Any CPU.ActiveCfg = Release|Any CPU
		{61647145-FBA4-46DA-AF89-7F42DF56EC48}.Release|Any CPU.Build.0 = Release|Any CPU
	EndGlobalSection
	GlobalSection(SolutionProperties) = preSolution
		HideSolutionNode = FALSE
	EndGlobalSection
	GlobalSection(ExtensibilityGlobals) = postSolution
		SolutionGuid = {2F0905E4-9E9C-4CBF-9551-3E2ECCE6870C}
	EndGlobalSection
EndGlobal
